
Microsoft Visual Studio Solution File, Format Version 12.00
# Visual Studio Version 17
VisualStudioVersion = 17.8.34525.116
MinimumVisualStudioVersion = 10.0.40219.1
Project("{9A19103F-16F7-4668-BE54-9A1E7A4F7556}") = "PAMultiplayer", "PAMultiplayer\PAMultiplayer.csproj", "{43B4829B-CDFA-4565-99B9-D5C38482E4C3}"
EndProject
Project("{FAE04EC0-301F-11D3-BF4B-00C04F79EFBC}") = "PAMultiplayer.Preloader", "PAMultiplayer.Preloader\PAMultiplayer.Preloader.csproj", "{C3E807CB-AE6E-430D-B9DF-EFE77DB3BC15}"
EndProject
Global
	GlobalSection(SolutionConfigurationPlatforms) = preSolution
		Debug|Any CPU = Debug|Any CPU
		Release|Any CPU = Release|Any CPU
	EndGlobalSection
	GlobalSection(ProjectConfigurationPlatforms) = postSolution
		{43B4829B-CDFA-4565-99B9-D5C38482E4C3}.Debug|Any CPU.ActiveCfg = Debug|Any CPU
		{43B4829B-CDFA-4565-99B9-D5C38482E4C3}.Debug|Any CPU.Build.0 = Debug|Any CPU
		{43B4829B-CDFA-4565-99B9-D5C38482E4C3}.Release|Any CPU.ActiveCfg = Release|Any CPU
		{43B4829B-CDFA-4565-99B9-D5C38482E4C3}.Release|Any CPU.Build.0 = Release|Any CPU
		{C3E807CB-AE6E-430D-B9DF-EFE77DB3BC15}.Debug|Any CPU.ActiveCfg = Debug|Any CPU
		{C3E807CB-AE6E-430D-B9DF-EFE77DB3BC15}.Debug|Any CPU.Build.0 = Debug|Any CPU
		{C3E807CB-AE6E-430D-B9DF-EFE77DB3BC15}.Release|Any CPU.ActiveCfg = Release|Any CPU
		{C3E807CB-AE6E-430D-B9DF-EFE77DB3BC15}.Release|Any CPU.Build.0 = Release|Any CPU
	EndGlobalSection
	GlobalSection(SolutionProperties) = preSolution
		HideSolutionNode = FALSE
	EndGlobalSection
	GlobalSection(ExtensibilityGlobals) = postSolution
		SolutionGuid = {F0E92817-FBA7-4AB6-A06F-D6DF53A12FF8}
	EndGlobalSection
EndGlobal
